
Microsoft Visual Studio Solution File, Format Version 12.00
# Visual Studio Version 17
VisualStudioVersion = 17.11.35327.3
MinimumVisualStudioVersion = 10.0.40219.1
Project("{FAE04EC0-301F-11D3-BF4B-00C04F79EFBC}") = "DocumentRenderingEngine", "DocumentRenderingEngine.csproj", "{F4A29739-A4E3-4784-9D1B-A87B1389FA6A}"
EndProject
Global
	GlobalSection(SolutionConfigurationPlatforms) = preSolution
		Debug|Any CPU = Debug|Any CPU
		Release|Any CPU = Release|Any CPU
	EndGlobalSection
	GlobalSection(ProjectConfigurationPlatforms) = postSolution
		{F4A29739-A4E3-4784-9D1B-A87B1389FA6A}.Debug|Any CPU.ActiveCfg = Debug|Any CPU
		{F4A29739-A4E3-4784-9D1B-A87B1389FA6A}.Debug|Any CPU.Build.0 = Debug|Any CPU
		{F4A29739-A4E3-4784-9D1B-A87B1389FA6A}.Release|Any CPU.ActiveCfg = Release|Any CPU
		{F4A29739-A4E3-4784-9D1B-A87B1389FA6A}.Release|Any CPU.Build.0 = Release|Any CPU
	EndGlobalSection
	GlobalSection(SolutionProperties) = preSolution
		HideSolutionNode = FALSE
	EndGlobalSection
	GlobalSection(ExtensibilityGlobals) = postSolution
		SolutionGuid = {3AA2D283-9B26-42AD-A120-9FD78ADA5379}
	EndGlobalSection
EndGlobal
